
Microsoft Visual Studio Solution File, Format Version 12.00
# Visual Studio Version 16
VisualStudioVersion = 16.0.31515.178
MinimumVisualStudioVersion = 10.0.40219.1
Project("{FAE04EC0-301F-11D3-BF4B-00C04F79EFBC}") = "CoreGrpcExample", "CoreGrpcExample\CoreGrpcExample.csproj", "{FD3718DC-A863-4C61-9911-4BFEBCB26A29}"
EndProject
Global
	GlobalSection(SolutionConfigurationPlatforms) = preSolution
		Debug|Any CPU = Debug|Any CPU
		Release|Any CPU = Release|Any CPU
	EndGlobalSection
	GlobalSection(ProjectConfigurationPlatforms) = postSolution
		{FD3718DC-A863-4C61-9911-4BFEBCB26A29}.Debug|Any CPU.ActiveCfg = Debug|Any CPU
		{FD3718DC-A863-4C61-9911-4BFEBCB26A29}.Debug|Any CPU.Build.0 = Debug|Any CPU
		{FD3718DC-A863-4C61-9911-4BFEBCB26A29}.Release|Any CPU.ActiveCfg = Release|Any CPU
		{FD3718DC-A863-4C61-9911-4BFEBCB26A29}.Release|Any CPU.Build.0 = Release|Any CPU
	EndGlobalSection
	GlobalSection(SolutionProperties) = preSolution
		HideSolutionNode = FALSE
	EndGlobalSection
	GlobalSection(ExtensibilityGlobals) = postSolution
		SolutionGuid = {777D2875-3B83-470F-8A29-B6B9C58DCEFE}
	EndGlobalSection
EndGlobal
